
Microsoft Visual Studio Solution File, Format Version 12.00
# Visual Studio Version 16
VisualStudioVersion = 16.0.30413.136
MinimumVisualStudioVersion = 10.0.40219.1
Project("{FAE04EC0-301F-11D3-BF4B-00C04F79EFBC}") = "uppgift", "uppgift\uppgift.csproj", "{EB51E91F-0AE3-4122-84B2-C6EF69869ECC}"
EndProject
Global
	GlobalSection(SolutionConfigurationPlatforms) = preSolution
		Debug|Any CPU = Debug|Any CPU
		Release|Any CPU = Release|Any CPU
	EndGlobalSection
	GlobalSection(ProjectConfigurationPlatforms) = postSolution
		{EB51E91F-0AE3-4122-84B2-C6EF69869ECC}.Debug|Any CPU.ActiveCfg = Debug|Any CPU
		{EB51E91F-0AE3-4122-84B2-C6EF69869ECC}.Debug|Any CPU.Build.0 = Debug|Any CPU
		{EB51E91F-0AE3-4122-84B2-C6EF69869ECC}.Release|Any CPU.ActiveCfg = Release|Any CPU
		{EB51E91F-0AE3-4122-84B2-C6EF69869ECC}.Release|Any CPU.Build.0 = Release|Any CPU
	EndGlobalSection
	GlobalSection(SolutionProperties) = preSolution
		HideSolutionNode = FALSE
	EndGlobalSection
	GlobalSection(ExtensibilityGlobals) = postSolution
		SolutionGuid = {3EBC363F-A9BB-4BB4-92F7-570194A309FF}
	EndGlobalSection
EndGlobal
